
Microsoft Visual Studio Solution File, Format Version 12.00
# Visual Studio Version 16
VisualStudioVersion = 16.0.29409.12
MinimumVisualStudioVersion = 10.0.40219.1
Project("{FAE04EC0-301F-11D3-BF4B-00C04F79EFBC}") = "Compiler", "Compiler\Compiler.csproj", "{CBC78F95-6BF0-4D20-8EDD-7E92C4A46417}"
EndProject
Project("{FAE04EC0-301F-11D3-BF4B-00C04F79EFBC}") = "CompilerTests", "CompilerTests\CompilerTests.csproj", "{3087F174-A343-4743-86EC-68DB86DA59BC}"
EndProject
Global
	GlobalSection(SolutionProperties) = preSolution
		HideSolutionNode = FALSE
	EndGlobalSection
	GlobalSection(ExtensibilityGlobals) = postSolution
		SolutionGuid = {30C91C57-C3C4-47FC-8D18-DAA0761F904B}
	EndGlobalSection
	GlobalSection(SolutionConfigurationPlatforms) = preSolution
		Debug|Any CPU = Debug|Any CPU
		Debug|x64 = Debug|x64
		Debug|x86 = Debug|x86
		Release|Any CPU = Release|Any CPU
		Release|x64 = Release|x64
		Release|x86 = Release|x86
	EndGlobalSection
	GlobalSection(ProjectConfigurationPlatforms) = postSolution
		{CBC78F95-6BF0-4D20-8EDD-7E92C4A46417}.Debug|Any CPU.ActiveCfg = Debug|Any CPU
		{CBC78F95-6BF0-4D20-8EDD-7E92C4A46417}.Debug|Any CPU.Build.0 = Debug|Any CPU
		{CBC78F95-6BF0-4D20-8EDD-7E92C4A46417}.Debug|x64.ActiveCfg = Debug|Any CPU
		{CBC78F95-6BF0-4D20-8EDD-7E92C4A46417}.Debug|x64.Build.0 = Debug|Any CPU
		{CBC78F95-6BF0-4D20-8EDD-7E92C4A46417}.Debug|x86.ActiveCfg = Debug|Any CPU
		{CBC78F95-6BF0-4D20-8EDD-7E92C4A46417}.Debug|x86.Build.0 = Debug|Any CPU
		{CBC78F95-6BF0-4D20-8EDD-7E92C4A46417}.Release|Any CPU.ActiveCfg = Release|Any CPU
		{CBC78F95-6BF0-4D20-8EDD-7E92C4A46417}.Release|Any CPU.Build.0 = Release|Any CPU
		{CBC78F95-6BF0-4D20-8EDD-7E92C4A46417}.Release|x64.ActiveCfg = Release|Any CPU
		{CBC78F95-6BF0-4D20-8EDD-7E92C4A46417}.Release|x64.Build.0 = Release|Any CPU
		{CBC78F95-6BF0-4D20-8EDD-7E92C4A46417}.Release|x86.ActiveCfg = Release|Any CPU
		{CBC78F95-6BF0-4D20-8EDD-7E92C4A46417}.Release|x86.Build.0 = Release|Any CPU
		{3087F174-A343-4743-86EC-68DB86DA59BC}.Debug|Any CPU.ActiveCfg = Debug|Any CPU
		{3087F174-A343-4743-86EC-68DB86DA59BC}.Debug|Any CPU.Build.0 = Debug|Any CPU
		{3087F174-A343-4743-86EC-68DB86DA59BC}.Debug|x64.ActiveCfg = Debug|Any CPU
		{3087F174-A343-4743-86EC-68DB86DA59BC}.Debug|x64.Build.0 = Debug|Any CPU
		{3087F174-A343-4743-86EC-68DB86DA59BC}.Debug|x86.ActiveCfg = Debug|Any CPU
		{3087F174-A343-4743-86EC-68DB86DA59BC}.Debug|x86.Build.0 = Debug|Any CPU
		{3087F174-A343-4743-86EC-68DB86DA59BC}.Release|Any CPU.ActiveCfg = Release|Any CPU
		{3087F174-A343-4743-86EC-68DB86DA59BC}.Release|Any CPU.Build.0 = Release|Any CPU
		{3087F174-A343-4743-86EC-68DB86DA59BC}.Release|x64.ActiveCfg = Release|Any CPU
		{3087F174-A343-4743-86EC-68DB86DA59BC}.Release|x64.Build.0 = Release|Any CPU
		{3087F174-A343-4743-86EC-68DB86DA59BC}.Release|x86.ActiveCfg = Release|Any CPU
		{3087F174-A343-4743-86EC-68DB86DA59BC}.Release|x86.Build.0 = Release|Any CPU
	EndGlobalSection
EndGlobal
