
Microsoft Visual Studio Solution File, Format Version 12.00
# Visual Studio Version 16
VisualStudioVersion = 16.0.29409.12
MinimumVisualStudioVersion = 10.0.40219.1
Project("{9A19103F-16F7-4668-BE54-9A1E7A4F7556}") = "Mass", "Mass.csproj", "{687B34C7-022E-4882-9CC1-819271C3B9C0}"
EndProject
Global
	GlobalSection(SolutionConfigurationPlatforms) = preSolution
		Debug|Any CPU = Debug|Any CPU
		Release|Any CPU = Release|Any CPU
	EndGlobalSection
	GlobalSection(ProjectConfigurationPlatforms) = postSolution
		{687B34C7-022E-4882-9CC1-819271C3B9C0}.Debug|Any CPU.ActiveCfg = Debug|Any CPU
		{687B34C7-022E-4882-9CC1-819271C3B9C0}.Debug|Any CPU.Build.0 = Debug|Any CPU
		{687B34C7-022E-4882-9CC1-819271C3B9C0}.Release|Any CPU.ActiveCfg = Release|Any CPU
		{687B34C7-022E-4882-9CC1-819271C3B9C0}.Release|Any CPU.Build.0 = Release|Any CPU
	EndGlobalSection
	GlobalSection(SolutionProperties) = preSolution
		HideSolutionNode = FALSE
	EndGlobalSection
	GlobalSection(ExtensibilityGlobals) = postSolution
		SolutionGuid = {30C91C57-C3C4-47FC-8D18-DAA0761F904B}
	EndGlobalSection
EndGlobal
